
Microsoft Visual Studio Solution File, Format Version 12.00
# Visual Studio Version 16
VisualStudioVersion = 16.0.32106.194
MinimumVisualStudioVersion = 10.0.40219.1
Project("{FAE04EC0-301F-11D3-BF4B-00C04F79EFBC}") = "BETarjetaCredito", "BETarjetaCredito\BETarjetaCredito.csproj", "{AB4F478D-97D9-4E58-9093-944C6A688DBF}"
EndProject
Global
	GlobalSection(SolutionConfigurationPlatforms) = preSolution
		Debug|Any CPU = Debug|Any CPU
		Release|Any CPU = Release|Any CPU
	EndGlobalSection
	GlobalSection(ProjectConfigurationPlatforms) = postSolution
		{AB4F478D-97D9-4E58-9093-944C6A688DBF}.Debug|Any CPU.ActiveCfg = Debug|Any CPU
		{AB4F478D-97D9-4E58-9093-944C6A688DBF}.Debug|Any CPU.Build.0 = Debug|Any CPU
		{AB4F478D-97D9-4E58-9093-944C6A688DBF}.Release|Any CPU.ActiveCfg = Release|Any CPU
		{AB4F478D-97D9-4E58-9093-944C6A688DBF}.Release|Any CPU.Build.0 = Release|Any CPU
	EndGlobalSection
	GlobalSection(SolutionProperties) = preSolution
		HideSolutionNode = FALSE
	EndGlobalSection
	GlobalSection(ExtensibilityGlobals) = postSolution
		SolutionGuid = {62CEBAC9-EB35-4B2B-B330-F7FDBD86DAE3}
	EndGlobalSection
EndGlobal
